
Microsoft Visual Studio Solution File, Format Version 12.00
# Visual Studio Version 17
VisualStudioVersion = 17.14.36301.6
MinimumVisualStudioVersion = 10.0.40219.1
Project("{FAE04EC0-301F-11D3-BF4B-00C04F79EFBC}") = "NET8.WebAppServerGlobal", "NET8.WebAppServerGlobal\NET8.WebAppServerGlobal.csproj", "{CA8BC439-1F83-4224-A963-9C8A8610D832}"
EndProject
Project("{2150E333-8FDC-42A3-9474-1A3956D46DE8}") = "net8", "net8", "{02EA681E-C7D8-13C7-8484-4AC65E1B71E8}"
EndProject
Project("{FAE04EC0-301F-11D3-BF4B-00C04F79EFBC}") = "NET8.WebAssemblyApp", "NET8.WebAssemblyApp\NET8.WebAssemblyApp.csproj", "{DA387E9C-5E2A-48B8-99C7-DE2D0E62C3A8}"
EndProject
Project("{FAE04EC0-301F-11D3-BF4B-00C04F79EFBC}") = "NET8.WebAppAutoGlobal", "NET8.ServerAppAutoGlobal\NET8.ServerAppAutoGlobal\NET8.WebAppAutoGlobal.csproj", "{65209FFC-947D-4588-BB7C-5D7CE9420CD7}"
EndProject
Project("{FAE04EC0-301F-11D3-BF4B-00C04F79EFBC}") = "NET8.WebAppAutoGlobal.Client", "NET8.ServerAppAutoGlobal\NET8.ServerAppAutoGlobal.Client\NET8.WebAppAutoGlobal.Client.csproj", "{2F81413B-6020-4E6C-8866-37388D69B1C9}"
EndProject
Project("{2150E333-8FDC-42A3-9474-1A3956D46DE8}") = "WebAssemblyStandaloneApp", "WebAssemblyStandaloneApp", "{FB711220-CAE1-4EF4-8F30-603D55306FC3}"
EndProject
Project("{2150E333-8FDC-42A3-9474-1A3956D46DE8}") = "WebAppServerRenderGlobalLocation", "WebAppServerRenderGlobalLocation", "{C52F8346-89BD-4FA3-B9E0-04FA055FEEDD}"
EndProject
Project("{2150E333-8FDC-42A3-9474-1A3956D46DE8}") = "WebAppAutoRenderGlobalLocation", "WebAppAutoRenderGlobalLocation", "{E9A3AA16-8300-4091-89C9-9214D5D95AED}"
EndProject
Project("{2150E333-8FDC-42A3-9474-1A3956D46DE8}") = "WebAppAutoRenderPerPageLocation", "WebAppAutoRenderPerPageLocation", "{8442BBB0-6AAB-4424-A9B6-53D7A820B85A}"
EndProject
Project("{FAE04EC0-301F-11D3-BF4B-00C04F79EFBC}") = "NET8.WebAppAutoPerPage", "NET8.WebAppAutoPerPage\NET8.WebAppAutoPerPage\NET8.WebAppAutoPerPage.csproj", "{004D5BBC-9510-41A4-A571-DB2679B10B3A}"
EndProject
Project("{FAE04EC0-301F-11D3-BF4B-00C04F79EFBC}") = "NET8.WebAppAutoPerPage.Client", "NET8.WebAppAutoPerPage\NET8.WebAppAutoPerPage.Client\NET8.WebAppAutoPerPage.Client.csproj", "{5152A2C4-A280-4663-B68C-F13FB7E1FCCE}"
EndProject
Global
	GlobalSection(SolutionConfigurationPlatforms) = preSolution
		Debug|Any CPU = Debug|Any CPU
		Release|Any CPU = Release|Any CPU
	EndGlobalSection
	GlobalSection(ProjectConfigurationPlatforms) = postSolution
		{CA8BC439-1F83-4224-A963-9C8A8610D832}.Debug|Any CPU.ActiveCfg = Debug|Any CPU
		{CA8BC439-1F83-4224-A963-9C8A8610D832}.Debug|Any CPU.Build.0 = Debug|Any CPU
		{CA8BC439-1F83-4224-A963-9C8A8610D832}.Release|Any CPU.ActiveCfg = Release|Any CPU
		{CA8BC439-1F83-4224-A963-9C8A8610D832}.Release|Any CPU.Build.0 = Release|Any CPU
		{DA387E9C-5E2A-48B8-99C7-DE2D0E62C3A8}.Debug|Any CPU.ActiveCfg = Debug|Any CPU
		{DA387E9C-5E2A-48B8-99C7-DE2D0E62C3A8}.Debug|Any CPU.Build.0 = Debug|Any CPU
		{DA387E9C-5E2A-48B8-99C7-DE2D0E62C3A8}.Release|Any CPU.ActiveCfg = Release|Any CPU
		{DA387E9C-5E2A-48B8-99C7-DE2D0E62C3A8}.Release|Any CPU.Build.0 = Release|Any CPU
		{65209FFC-947D-4588-BB7C-5D7CE9420CD7}.Debug|Any CPU.ActiveCfg = Debug|Any CPU
		{65209FFC-947D-4588-BB7C-5D7CE9420CD7}.Debug|Any CPU.Build.0 = Debug|Any CPU
		{65209FFC-947D-4588-BB7C-5D7CE9420CD7}.Release|Any CPU.ActiveCfg = Release|Any CPU
		{65209FFC-947D-4588-BB7C-5D7CE9420CD7}.Release|Any CPU.Build.0 = Release|Any CPU
		{2F81413B-6020-4E6C-8866-37388D69B1C9}.Debug|Any CPU.ActiveCfg = Debug|Any CPU
		{2F81413B-6020-4E6C-8866-37388D69B1C9}.Debug|Any CPU.Build.0 = Debug|Any CPU
		{2F81413B-6020-4E6C-8866-37388D69B1C9}.Release|Any CPU.ActiveCfg = Release|Any CPU
		{2F81413B-6020-4E6C-8866-37388D69B1C9}.Release|Any CPU.Build.0 = Release|Any CPU
		{004D5BBC-9510-41A4-A571-DB2679B10B3A}.Debug|Any CPU.ActiveCfg = Debug|Any CPU
		{004D5BBC-9510-41A4-A571-DB2679B10B3A}.Debug|Any CPU.Build.0 = Debug|Any CPU
		{004D5BBC-9510-41A4-A571-DB2679B10B3A}.Release|Any CPU.ActiveCfg = Release|Any CPU
		{004D5BBC-9510-41A4-A571-DB2679B10B3A}.Release|Any CPU.Build.0 = Release|Any CPU
		{5152A2C4-A280-4663-B68C-F13FB7E1FCCE}.Debug|Any CPU.ActiveCfg = Debug|Any CPU
		{5152A2C4-A280-4663-B68C-F13FB7E1FCCE}.Debug|Any CPU.Build.0 = Debug|Any CPU
		{5152A2C4-A280-4663-B68C-F13FB7E1FCCE}.Release|Any CPU.ActiveCfg = Release|Any CPU
		{5152A2C4-A280-4663-B68C-F13FB7E1FCCE}.Release|Any CPU.Build.0 = Release|Any CPU
	EndGlobalSection
	GlobalSection(SolutionProperties) = preSolution
		HideSolutionNode = FALSE
	EndGlobalSection
	GlobalSection(NestedProjects) = preSolution
		{CA8BC439-1F83-4224-A963-9C8A8610D832} = {C52F8346-89BD-4FA3-B9E0-04FA055FEEDD}
		{DA387E9C-5E2A-48B8-99C7-DE2D0E62C3A8} = {FB711220-CAE1-4EF4-8F30-603D55306FC3}
		{65209FFC-947D-4588-BB7C-5D7CE9420CD7} = {E9A3AA16-8300-4091-89C9-9214D5D95AED}
		{2F81413B-6020-4E6C-8866-37388D69B1C9} = {E9A3AA16-8300-4091-89C9-9214D5D95AED}
		{FB711220-CAE1-4EF4-8F30-603D55306FC3} = {02EA681E-C7D8-13C7-8484-4AC65E1B71E8}
		{C52F8346-89BD-4FA3-B9E0-04FA055FEEDD} = {02EA681E-C7D8-13C7-8484-4AC65E1B71E8}
		{E9A3AA16-8300-4091-89C9-9214D5D95AED} = {02EA681E-C7D8-13C7-8484-4AC65E1B71E8}
		{8442BBB0-6AAB-4424-A9B6-53D7A820B85A} = {02EA681E-C7D8-13C7-8484-4AC65E1B71E8}
		{004D5BBC-9510-41A4-A571-DB2679B10B3A} = {8442BBB0-6AAB-4424-A9B6-53D7A820B85A}
		{5152A2C4-A280-4663-B68C-F13FB7E1FCCE} = {8442BBB0-6AAB-4424-A9B6-53D7A820B85A}
	EndGlobalSection
	GlobalSection(ExtensibilityGlobals) = postSolution
		SolutionGuid = {03C94149-A6D4-4D2B-BF20-43112B801AD4}
	EndGlobalSection
EndGlobal
